// !$*UTF8*$!
{
	archiveVersion = 1;
	classes = {
	};
	objectVersion = 77;
	objects = {

/* Begin PBXBuildFile section */
		50AC84202CB84CF6002786BF /* FusionDI in Frameworks */ = {isa = PBXBuildFile; productRef = 50AC841F2CB84CF6002786BF /* FusionDI */; };
		50AC842A2CB85FCA002786BF /* GalleryList in Frameworks */ = {isa = PBXBuildFile; productRef = 50AC84292CB85FCA002786BF /* GalleryList */; };
		50AC842C2CB863EC002786BF /* PhotosServiceAllTargets in Frameworks */ = {isa = PBXBuildFile; productRef = 50AC842B2CB863EC002786BF /* PhotosServiceAllTargets */; };
/* End PBXBuildFile section */

/* Begin PBXContainerItemProxy section */
		503B533F2CB84C36008BE430 /* PBXContainerItemProxy */ = {
			isa = PBXContainerItemProxy;
			containerPortal = 503B53262CB84C35008BE430 /* Project object */;
			proxyType = 1;
			remoteGlobalIDString = 503B532D2CB84C35008BE430;
			remoteInfo = FusionGallery;
		};
/* End PBXContainerItemProxy section */

/* Begin PBXFileReference section */
		503B532E2CB84C35008BE430 /* FusionGallery.app */ = {isa = PBXFileReference; explicitFileType = wrapper.application; includeInIndex = 0; path = FusionGallery.app; sourceTree = BUILT_PRODUCTS_DIR; };
		503B533E2CB84C36008BE430 /* FusionGalleryTests.xctest */ = {isa = PBXFileReference; explicitFileType = wrapper.cfbundle; includeInIndex = 0; path = FusionGalleryTests.xctest; sourceTree = BUILT_PRODUCTS_DIR; };
/* End PBXFileReference section */

/* Begin PBXFileSystemSynchronizedRootGroup section */
		503B53302CB84C35008BE430 /* FusionGallery */ = {
			isa = PBXFileSystemSynchronizedRootGroup;
			path = FusionGallery;
			sourceTree = "<group>";
		};
		503B53412CB84C36008BE430 /* FusionGalleryTests */ = {
			isa = PBXFileSystemSynchronizedRootGroup;
			path = FusionGalleryTests;
			sourceTree = "<group>";
		};
/* End PBXFileSystemSynchronizedRootGroup section */

/* Begin PBXFrameworksBuildPhase section */
		503B532B2CB84C35008BE430 /* Frameworks */ = {
			isa = PBXFrameworksBuildPhase;
			buildActionMask = 2147483647;
			files = (
				50AC84202CB84CF6002786BF /* FusionDI in Frameworks */,
				50AC842C2CB863EC002786BF /* PhotosServiceAllTargets in Frameworks */,
				50AC842A2CB85FCA002786BF /* GalleryList in Frameworks */,
			);
			runOnlyForDeploymentPostprocessing = 0;
		};
		503B533B2CB84C36008BE430 /* Frameworks */ = {
			isa = PBXFrameworksBuildPhase;
			buildActionMask = 2147483647;
			files = (
			);
			runOnlyForDeploymentPostprocessing = 0;
		};
/* End PBXFrameworksBuildPhase section */

/* Begin PBXGroup section */
		503B53252CB84C35008BE430 = {
			isa = PBXGroup;
			children = (
				503B53302CB84C35008BE430 /* FusionGallery */,
				503B53412CB84C36008BE430 /* FusionGalleryTests */,
				50AC84282CB85FCA002786BF /* Frameworks */,
				503B532F2CB84C35008BE430 /* Products */,
			);
			sourceTree = "<group>";
		};
		503B532F2CB84C35008BE430 /* Products */ = {
			isa = PBXGroup;
			children = (
				503B532E2CB84C35008BE430 /* FusionGallery.app */,
				503B533E2CB84C36008BE430 /* FusionGalleryTests.xctest */,
			);
			name = Products;
			sourceTree = "<group>";
		};
		50AC84282CB85FCA002786BF /* Frameworks */ = {
			isa = PBXGroup;
			children = (
			);
			name = Frameworks;
			sourceTree = "<group>";
		};
/* End PBXGroup section */

/* Begin PBXNativeTarget section */
		503B532D2CB84C35008BE430 /* FusionGallery */ = {
			isa = PBXNativeTarget;
			buildConfigurationList = 503B53522CB84C36008BE430 /* Build configuration list for PBXNativeTarget "FusionGallery" */;
			buildPhases = (
				503B532A2CB84C35008BE430 /* Sources */,
				503B532B2CB84C35008BE430 /* Frameworks */,
				503B532C2CB84C35008BE430 /* Resources */,
			);
			buildRules = (
			);
			dependencies = (
			);
			fileSystemSynchronizedGroups = (
				503B53302CB84C35008BE430 /* FusionGallery */,
			);
			name = FusionGallery;
			packageProductDependencies = (
				50AC841F2CB84CF6002786BF /* FusionDI */,
				50AC84292CB85FCA002786BF /* GalleryList */,
				50AC842B2CB863EC002786BF /* PhotosServiceAllTargets */,
			);
			productName = FusionGallery;
			productReference = 503B532E2CB84C35008BE430 /* FusionGallery.app */;
			productType = "com.apple.product-type.application";
		};
		503B533D2CB84C36008BE430 /* FusionGalleryTests */ = {
			isa = PBXNativeTarget;
			buildConfigurationList = 503B53552CB84C36008BE430 /* Build configuration list for PBXNativeTarget "FusionGalleryTests" */;
			buildPhases = (
				503B533A2CB84C36008BE430 /* Sources */,
				503B533B2CB84C36008BE430 /* Frameworks */,
				503B533C2CB84C36008BE430 /* Resources */,
			);
			buildRules = (
			);
			dependencies = (
				503B53402CB84C36008BE430 /* PBXTargetDependency */,
			);
			fileSystemSynchronizedGroups = (
				503B53412CB84C36008BE430 /* FusionGalleryTests */,
			);
			name = FusionGalleryTests;
			packageProductDependencies = (
			);
			productName = FusionGalleryTests;
			productReference = 503B533E2CB84C36008BE430 /* FusionGalleryTests.xctest */;
			productType = "com.apple.product-type.bundle.unit-test";
		};
/* End PBXNativeTarget section */

/* Begin PBXProject section */
		503B53262CB84C35008BE430 /* Project object */ = {
			isa = PBXProject;
			attributes = {
				BuildIndependentTargetsInParallel = 1;
				LastSwiftUpdateCheck = 1600;
				LastUpgradeCheck = 1600;
				TargetAttributes = {
					503B532D2CB84C35008BE430 = {
						CreatedOnToolsVersion = 16.0;
					};
					503B533D2CB84C36008BE430 = {
						CreatedOnToolsVersion = 16.0;
						TestTargetID = 503B532D2CB84C35008BE430;
					};
				};
			};
			buildConfigurationList = 503B53292CB84C35008BE430 /* Build configuration list for PBXProject "FusionGallery" */;
			developmentRegion = en;
			hasScannedForEncodings = 0;
			knownRegions = (
				en,
				Base,
			);
			mainGroup = 503B53252CB84C35008BE430;
			minimizedProjectReferenceProxies = 1;
			packageReferences = (
				50AC841E2CB84CF6002786BF /* XCLocalSwiftPackageReference "../../FusionDI" */,
			);
			preferredProjectObjectVersion = 77;
			productRefGroup = 503B532F2CB84C35008BE430 /* Products */;
			projectDirPath = "";
			projectRoot = "";
			targets = (
				503B532D2CB84C35008BE430 /* FusionGallery */,
				503B533D2CB84C36008BE430 /* FusionGalleryTests */,
			);
		};
/* End PBXProject section */

/* Begin PBXResourcesBuildPhase section */
		503B532C2CB84C35008BE430 /* Resources */ = {
			isa = PBXResourcesBuildPhase;
			buildActionMask = 2147483647;
			files = (
			);
			runOnlyForDeploymentPostprocessing = 0;
		};
		503B533C2CB84C36008BE430 /* Resources */ = {
			isa = PBXResourcesBuildPhase;
			buildActionMask = 2147483647;
			files = (
			);
			runOnlyForDeploymentPostprocessing = 0;
		};
/* End PBXResourcesBuildPhase section */

/* Begin PBXSourcesBuildPhase section */
		503B532A2CB84C35008BE430 /* Sources */ = {
			isa = PBXSourcesBuildPhase;
			buildActionMask = 2147483647;
			files = (
			);
			runOnlyForDeploymentPostprocessing = 0;
		};
		503B533A2CB84C36008BE430 /* Sources */ = {
			isa = PBXSourcesBuildPhase;
			buildActionMask = 2147483647;
			files = (
			);
			runOnlyForDeploymentPostprocessing = 0;
		};
/* End PBXSourcesBuildPhase section */

/* Begin PBXTargetDependency section */
		503B53402CB84C36008BE430 /* PBXTargetDependency */ = {
			isa = PBXTargetDependency;
			target = 503B532D2CB84C35008BE430 /* FusionGallery */;
			targetProxy = 503B533F2CB84C36008BE430 /* PBXContainerItemProxy */;
		};
/* End PBXTargetDependency section */

/* Begin XCBuildConfiguration section */
		503B53502CB84C36008BE430 /* Debug */ = {
			isa = XCBuildConfiguration;
			buildSettings = {
				ALWAYS_SEARCH_USER_PATHS = NO;
				ASSETCATALOG_COMPILER_GENERATE_SWIFT_ASSET_SYMBOL_EXTENSIONS = YES;
				CLANG_ANALYZER_NONNULL = YES;
				CLANG_ANALYZER_NUMBER_OBJECT_CONVERSION = YES_AGGRESSIVE;
				CLANG_CXX_LANGUAGE_STANDARD = "gnu++20";
				CLANG_ENABLE_MODULES = YES;
				CLANG_ENABLE_OBJC_ARC = YES;
				CLANG_ENABLE_OBJC_WEAK = YES;
				CLANG_WARN_BLOCK_CAPTURE_AUTORELEASING = YES;
				CLANG_WARN_BOOL_CONVERSION = YES;
				CLANG_WARN_COMMA = YES;
				CLANG_WARN_CONSTANT_CONVERSION = YES;
				CLANG_WARN_DEPRECATED_OBJC_IMPLEMENTATIONS = YES;
				CLANG_WARN_DIRECT_OBJC_ISA_USAGE = YES_ERROR;
				CLANG_WARN_DOCUMENTATION_COMMENTS = YES;
				CLANG_WARN_EMPTY_BODY = YES;
				CLANG_WARN_ENUM_CONVERSION = YES;
				CLANG_WARN_INFINITE_RECURSION = YES;
				CLANG_WARN_INT_CONVERSION = YES;
				CLANG_WARN_NON_LITERAL_NULL_CONVERSION = YES;
				CLANG_WARN_OBJC_IMPLICIT_RETAIN_SELF = YES;
				CLANG_WARN_OBJC_LITERAL_CONVERSION = YES;
				CLANG_WARN_OBJC_ROOT_CLASS = YES_ERROR;
				CLANG_WARN_QUOTED_INCLUDE_IN_FRAMEWORK_HEADER = YES;
				CLANG_WARN_RANGE_LOOP_ANALYSIS = YES;
				CLANG_WARN_STRICT_PROTOTYPES = YES;
				CLANG_WARN_SUSPICIOUS_MOVE = YES;
				CLANG_WARN_UNGUARDED_AVAILABILITY = YES_AGGRESSIVE;
				CLANG_WARN_UNREACHABLE_CODE = YES;
				CLANG_WARN__DUPLICATE_METHOD_MATCH = YES;
				COPY_PHASE_STRIP = NO;
				DEBUG_INFORMATION_FORMAT = dwarf;
				ENABLE_STRICT_OBJC_MSGSEND = YES;
				ENABLE_TESTABILITY = YES;
				ENABLE_USER_SCRIPT_SANDBOXING = YES;
				GCC_C_LANGUAGE_STANDARD = gnu17;
				GCC_DYNAMIC_NO_PIC = NO;
				GCC_NO_COMMON_BLOCKS = YES;
				GCC_OPTIMIZATION_LEVEL = 0;
				GCC_PREPROCESSOR_DEFINITIONS = (
					"DEBUG=1",
					"$(inherited)",
				);
				GCC_WARN_64_TO_32_BIT_CONVERSION = YES;
				GCC_WARN_ABOUT_RETURN_TYPE = YES_ERROR;
				GCC_WARN_UNDECLARED_SELECTOR = YES;
				GCC_WARN_UNINITIALIZED_AUTOS = YES_AGGRESSIVE;
				GCC_WARN_UNUSED_FUNCTION = YES;
				GCC_WARN_UNUSED_VARIABLE = YES;
				IPHONEOS_DEPLOYMENT_TARGET = 18.0;
				LOCALIZATION_PREFERS_STRING_CATALOGS = YES;
				MTL_ENABLE_DEBUG_INFO = INCLUDE_SOURCE;
				MTL_FAST_MATH = YES;
				ONLY_ACTIVE_ARCH = YES;
				SDKROOT = iphoneos;
				SWIFT_ACTIVE_COMPILATION_CONDITIONS = "DEBUG $(inherited)";
				SWIFT_OPTIMIZATION_LEVEL = "-Onone";
			};
			name = Debug;
		};
		503B53512CB84C36008BE430 /* Release */ = {
			isa = XCBuildConfiguration;
			buildSettings = {
				ALWAYS_SEARCH_USER_PATHS = NO;
				ASSETCATALOG_COMPILER_GENERATE_SWIFT_ASSET_SYMBOL_EXTENSIONS = YES;
				CLANG_ANALYZER_NONNULL = YES;
				CLANG_ANALYZER_NUMBER_OBJECT_CONVERSION = YES_AGGRESSIVE;
				CLANG_CXX_LANGUAGE_STANDARD = "gnu++20";
				CLANG_ENABLE_MODULES = YES;
				CLANG_ENABLE_OBJC_ARC = YES;
				CLANG_ENABLE_OBJC_WEAK = YES;
				CLANG_WARN_BLOCK_CAPTURE_AUTORELEASING = YES;
				CLANG_WARN_BOOL_CONVERSION = YES;
				CLANG_WARN_COMMA = YES;
				CLANG_WARN_CONSTANT_CONVERSION = YES;
				CLANG_WARN_DEPRECATED_OBJC_IMPLEMENTATIONS = YES;
				CLANG_WARN_DIRECT_OBJC_ISA_USAGE = YES_ERROR;
				CLANG_WARN_DOCUMENTATION_COMMENTS = YES;
				CLANG_WARN_EMPTY_BODY = YES;
				CLANG_WARN_ENUM_CONVERSION = YES;
				CLANG_WARN_INFINITE_RECURSION = YES;
				CLANG_WARN_INT_CONVERSION = YES;
				CLANG_WARN_NON_LITERAL_NULL_CONVERSION = YES;
				CLANG_WARN_OBJC_IMPLICIT_RETAIN_SELF = YES;
				CLANG_WARN_OBJC_LITERAL_CONVERSION = YES;
				CLANG_WARN_OBJC_ROOT_CLASS = YES_ERROR;
				CLANG_WARN_QUOTED_INCLUDE_IN_FRAMEWORK_HEADER = YES;
				CLANG_WARN_RANGE_LOOP_ANALYSIS = YES;
				CLANG_WARN_STRICT_PROTOTYPES = YES;
				CLANG_WARN_SUSPICIOUS_MOVE = YES;
				CLANG_WARN_UNGUARDED_AVAILABILITY = YES_AGGRESSIVE;
				CLANG_WARN_UNREACHABLE_CODE = YES;
				CLANG_WARN__DUPLICATE_METHOD_MATCH = YES;
				COPY_PHASE_STRIP = NO;
				DEBUG_INFORMATION_FORMAT = "dwarf-with-dsym";
				ENABLE_NS_ASSERTIONS = NO;
				ENABLE_STRICT_OBJC_MSGSEND = YES;
				ENABLE_USER_SCRIPT_SANDBOXING = YES;
				"EXCLUDED_SOURCE_FILE_NAMES[arch=*]" = (
					"*Mock*",
					"*Debug*",
				);
				GCC_C_LANGUAGE_STANDARD = gnu17;
				GCC_NO_COMMON_BLOCKS = YES;
				GCC_WARN_64_TO_32_BIT_CONVERSION = YES;
				GCC_WARN_ABOUT_RETURN_TYPE = YES_ERROR;
				GCC_WARN_UNDECLARED_SELECTOR = YES;
				GCC_WARN_UNINITIALIZED_AUTOS = YES_AGGRESSIVE;
				GCC_WARN_UNUSED_FUNCTION = YES;
				GCC_WARN_UNUSED_VARIABLE = YES;
				IPHONEOS_DEPLOYMENT_TARGET = 18.0;
				LOCALIZATION_PREFERS_STRING_CATALOGS = YES;
				MTL_ENABLE_DEBUG_INFO = NO;
				MTL_FAST_MATH = YES;
				SDKROOT = iphoneos;
				SWIFT_COMPILATION_MODE = wholemodule;
				VALIDATE_PRODUCT = YES;
			};
			name = Release;
		};
		503B53532CB84C36008BE430 /* Debug */ = {
			isa = XCBuildConfiguration;
			buildSettings = {
				ASSETCATALOG_COMPILER_APPICON_NAME = AppIcon;
				ASSETCATALOG_COMPILER_GLOBAL_ACCENT_COLOR_NAME = AccentColor;
				CODE_SIGN_STYLE = Automatic;
				CURRENT_PROJECT_VERSION = 1;
				DEVELOPMENT_ASSET_PATHS = "\"FusionGallery/Preview Content\"";
				DEVELOPMENT_TEAM = LS9HB285X6;
				ENABLE_PREVIEWS = YES;
				GENERATE_INFOPLIST_FILE = YES;
				INFOPLIST_KEY_UIApplicationSceneManifest_Generation = YES;
				INFOPLIST_KEY_UIApplicationSupportsIndirectInputEvents = YES;
				INFOPLIST_KEY_UILaunchScreen_Generation = YES;
				INFOPLIST_KEY_UISupportedInterfaceOrientations_iPad = "UIInterfaceOrientationPortrait UIInterfaceOrientationPortraitUpsideDown UIInterfaceOrientationLandscapeLeft UIInterfaceOrientationLandscapeRight";
				INFOPLIST_KEY_UISupportedInterfaceOrientations_iPhone = "UIInterfaceOrientationPortrait UIInterfaceOrientationLandscapeLeft UIInterfaceOrientationLandscapeRight";
				IPHONEOS_DEPLOYMENT_TARGET = 17.6;
				LD_RUNPATH_SEARCH_PATHS = (
					"$(inherited)",
					"@executable_path/Frameworks",
				);
				MARKETING_VERSION = 1.0;
				PRODUCT_BUNDLE_IDENTIFIER = com.yurssoft.FusionGallery;
				PRODUCT_NAME = "$(TARGET_NAME)";
				SWIFT_EMIT_LOC_STRINGS = YES;
				SWIFT_VERSION = 5.0;
				TARGETED_DEVICE_FAMILY = "1,2";
			};
			name = Debug;
		};
		503B53542CB84C36008BE430 /* Release */ = {
			isa = XCBuildConfiguration;
			buildSettings = {
				ASSETCATALOG_COMPILER_APPICON_NAME = AppIcon;
				ASSETCATALOG_COMPILER_GLOBAL_ACCENT_COLOR_NAME = AccentColor;
				CODE_SIGN_STYLE = Automatic;
				CURRENT_PROJECT_VERSION = 1;
				DEVELOPMENT_ASSET_PATHS = "\"FusionGallery/Preview Content\"";
				DEVELOPMENT_TEAM = LS9HB285X6;
				ENABLE_PREVIEWS = YES;
				GENERATE_INFOPLIST_FILE = YES;
				INFOPLIST_KEY_UIApplicationSceneManifest_Generation = YES;
				INFOPLIST_KEY_UIApplicationSupportsIndirectInputEvents = YES;
				INFOPLIST_KEY_UILaunchScreen_Generation = YES;
				INFOPLIST_KEY_UISupportedInterfaceOrientations_iPad = "UIInterfaceOrientationPortrait UIInterfaceOrientationPortraitUpsideDown UIInterfaceOrientationLandscapeLeft UIInterfaceOrientationLandscapeRight";
				INFOPLIST_KEY_UISupportedInterfaceOrientations_iPhone = "UIInterfaceOrientationPortrait UIInterfaceOrientationLandscapeLeft UIInterfaceOrientationLandscapeRight";
				IPHONEOS_DEPLOYMENT_TARGET = 17.6;
				LD_RUNPATH_SEARCH_PATHS = (
					"$(inherited)",
					"@executable_path/Frameworks",
				);
				MARKETING_VERSION = 1.0;
				PRODUCT_BUNDLE_IDENTIFIER = com.yurssoft.FusionGallery;
				PRODUCT_NAME = "$(TARGET_NAME)";
				SWIFT_EMIT_LOC_STRINGS = YES;
				SWIFT_VERSION = 5.0;
				TARGETED_DEVICE_FAMILY = "1,2";
			};
			name = Release;
		};
		503B53562CB84C36008BE430 /* Debug */ = {
			isa = XCBuildConfiguration;
			buildSettings = {
				BUNDLE_LOADER = "$(TEST_HOST)";
				CODE_SIGN_STYLE = Automatic;
				CURRENT_PROJECT_VERSION = 1;
				DEVELOPMENT_TEAM = LS9HB285X6;
				GENERATE_INFOPLIST_FILE = YES;
				IPHONEOS_DEPLOYMENT_TARGET = 17.6;
				MARKETING_VERSION = 1.0;
				PRODUCT_BUNDLE_IDENTIFIER = com.yurssoft.FusionGalleryTests;
				PRODUCT_NAME = "$(TARGET_NAME)";
				SWIFT_EMIT_LOC_STRINGS = NO;
				SWIFT_VERSION = 5.0;
				TARGETED_DEVICE_FAMILY = "1,2";
				TEST_HOST = "$(BUILT_PRODUCTS_DIR)/FusionGallery.app/$(BUNDLE_EXECUTABLE_FOLDER_PATH)/FusionGallery";
			};
			name = Debug;
		};
		503B53572CB84C36008BE430 /* Release */ = {
			isa = XCBuildConfiguration;
			buildSettings = {
				BUNDLE_LOADER = "$(TEST_HOST)";
				CODE_SIGN_STYLE = Automatic;
				CURRENT_PROJECT_VERSION = 1;
				DEVELOPMENT_TEAM = LS9HB285X6;
				GENERATE_INFOPLIST_FILE = YES;
				IPHONEOS_DEPLOYMENT_TARGET = 17.6;
				MARKETING_VERSION = 1.0;
				PRODUCT_BUNDLE_IDENTIFIER = com.yurssoft.FusionGalleryTests;
				PRODUCT_NAME = "$(TARGET_NAME)";
				SWIFT_EMIT_LOC_STRINGS = NO;
				SWIFT_VERSION = 5.0;
				TARGETED_DEVICE_FAMILY = "1,2";
				TEST_HOST = "$(BUILT_PRODUCTS_DIR)/FusionGallery.app/$(BUNDLE_EXECUTABLE_FOLDER_PATH)/FusionGallery";
			};
			name = Release;
		};
/* End XCBuildConfiguration section */

/* Begin XCConfigurationList section */
		503B53292CB84C35008BE430 /* Build configuration list for PBXProject "FusionGallery" */ = {
			isa = XCConfigurationList;
			buildConfigurations = (
				503B53502CB84C36008BE430 /* Debug */,
				503B53512CB84C36008BE430 /* Release */,
			);
			defaultConfigurationIsVisible = 0;
			defaultConfigurationName = Release;
		};
		503B53522CB84C36008BE430 /* Build configuration list for PBXNativeTarget "FusionGallery" */ = {
			isa = XCConfigurationList;
			buildConfigurations = (
				503B53532CB84C36008BE430 /* Debug */,
				503B53542CB84C36008BE430 /* Release */,
			);
			defaultConfigurationIsVisible = 0;
			defaultConfigurationName = Release;
		};
		503B53552CB84C36008BE430 /* Build configuration list for PBXNativeTarget "FusionGalleryTests" */ = {
			isa = XCConfigurationList;
			buildConfigurations = (
				503B53562CB84C36008BE430 /* Debug */,
				503B53572CB84C36008BE430 /* Release */,
			);
			defaultConfigurationIsVisible = 0;
			defaultConfigurationName = Release;
		};
/* End XCConfigurationList section */

/* Begin XCLocalSwiftPackageReference section */
		50AC841E2CB84CF6002786BF /* XCLocalSwiftPackageReference "../../FusionDI" */ = {
			isa = XCLocalSwiftPackageReference;
			relativePath = ../../FusionDI;
		};
/* End XCLocalSwiftPackageReference section */

/* Begin XCSwiftPackageProductDependency section */
		50AC841F2CB84CF6002786BF /* FusionDI */ = {
			isa = XCSwiftPackageProductDependency;
			productName = FusionDI;
		};
		50AC84292CB85FCA002786BF /* GalleryList */ = {
			isa = XCSwiftPackageProductDependency;
			productName = GalleryList;
		};
		50AC842B2CB863EC002786BF /* PhotosServiceAllTargets */ = {
			isa = XCSwiftPackageProductDependency;
			productName = PhotosServiceAllTargets;
		};
/* End XCSwiftPackageProductDependency section */
	};
	rootObject = 503B53262CB84C35008BE430 /* Project object */;
}
